<?xml version="1.0" encoding="utf-8"?>
<Project ToolsVersion="4.0" xmlns="http://schemas.microsoft.com/developer/msbuild/2003">
  <ItemGroup>
    <ClCompile Include="RTVirtualShadowMaps.cpp" />
    <ClCompile Include="VirtualShadowMap\TiledResources\FeedbackTexture.cpp">
      <Filter>VirtualShadowMap\TiledResources</Filter>
    </ClCompile>
    <ClCompile Include="VirtualShadowMap\TiledResources\HeapAllocationManager.cpp">
      <Filter>VirtualShadowMap\TiledResources</Filter>
    </ClCompile>
    <ClCompile Include="VirtualShadowMap\TiledResources\SamplerFeedbackMap.cpp">
      <Filter>VirtualShadowMap\TiledResources</Filter>
    </ClCompile>
    <ClCompile Include="VirtualShadowMap\TiledResources\TiledTexture.cpp">
      <Filter>VirtualShadowMap\TiledResources</Filter>
    </ClCompile>
    <ClCompile Include="VirtualShadowMap\TiledResources\TileUpdateManager.cpp">
      <Filter>VirtualShadowMap\TiledResources</Filter>
    </ClCompile>
  </ItemGroup>
  <ItemGroup>
    <ClInclude Include="RTVirtualShadowMaps.h" />
    <ClInclude Include="VirtualShadowMap\TiledResources\FeedbackTexture.h">
      <Filter>VirtualShadowMap\TiledResources</Filter>
    </ClInclude>
    <ClInclude Include="VirtualShadowMap\TiledResources\HeapAllocationManager.h">
      <Filter>VirtualShadowMap\TiledResources</Filter>
    </ClInclude>
    <ClInclude Include="VirtualShadowMap\TiledResources\SamplerFeedbackMap.h">
      <Filter>VirtualShadowMap\TiledResources</Filter>
    </ClInclude>
    <ClInclude Include="VirtualShadowMap\TiledResources\TiledTexture.h">
      <Filter>VirtualShadowMap\TiledResources</Filter>
    </ClInclude>
    <ClInclude Include="VirtualShadowMap\TiledResources\TileUpdateManager.h">
      <Filter>VirtualShadowMap\TiledResources</Filter>
    </ClInclude>
    <ClInclude Include="VirtualShadowMap\Utils\d3dx12.h">
      <Filter>VirtualShadowMap\Utils</Filter>
    </ClInclude>
    <ClInclude Include="VirtualShadowMap\Utils\MipColorData.h">
      <Filter>VirtualShadowMap\Utils</Filter>
    </ClInclude>
    <ClInclude Include="VirtualShadowMap\Utils\ShaderDefineUtils.h">
      <Filter>VirtualShadowMap\Utils</Filter>
    </ClInclude>
  </ItemGroup>
  <ItemGroup>
    <ShaderSource Include="LodHelper.slang" />
    <ShaderSource Include="RTVirtualShadowMaps.3d.slang" />
    <ShaderSource Include="ShadingHelper.slang" />
    <ShaderSource Include="AmbientPass\AmbientPass.ps.slang">
      <Filter>AmbientPass</Filter>
    </ShaderSource>
    <ShaderSource Include="AmbientPass\RenderSM.ps.slang">
      <Filter>AmbientPass</Filter>
    </ShaderSource>
  </ItemGroup>
  <ItemGroup>
    <Filter Include="AmbientPass">
      <UniqueIdentifier>{3c0694f9-7b2a-449e-a376-c97765705352}</UniqueIdentifier>
    </Filter>
    <Filter Include="VirtualShadowMap">
      <UniqueIdentifier>{925fa3ad-cd1c-4e5f-8c8f-cc5c8f9efa1c}</UniqueIdentifier>
    </Filter>
    <Filter Include="VirtualShadowMap\TiledResources">
      <UniqueIdentifier>{ce31e052-735b-40a8-97b9-fdcbdc34fe11}</UniqueIdentifier>
    </Filter>
    <Filter Include="VirtualShadowMap\Utils">
      <UniqueIdentifier>{b8b5615f-e9e7-493a-b015-9c3c171b50de}</UniqueIdentifier>
    </Filter>
  </ItemGroup>
</Project>